// !$*UTF8*$!
{
	archiveVersion = 1;
	classes = {
	};
	objectVersion = 48;
	objects = {

/* Begin PBXBuildFile section */
		1A49E9052443BD81000331DB /* SignupController.swift in Sources */ = {isa = PBXBuildFile; fileRef = 1A49E9042443BD81000331DB /* SignupController.swift */; };
		1A588E88244C18CA008FCEEA /* hello.txt in Resources */ = {isa = PBXBuildFile; fileRef = 1A588E87244C18C4008FCEEA /* hello.txt */; };
		1AD4F0952443A2BE00F86D78 /* AppDelegate.swift in Sources */ = {isa = PBXBuildFile; fileRef = 1AD4F0942443A2BE00F86D78 /* AppDelegate.swift */; };
		1AD4F0972443A2BE00F86D78 /* LoginController.swift in Sources */ = {isa = PBXBuildFile; fileRef = 1AD4F0962443A2BE00F86D78 /* LoginController.swift */; };
		1AD4F09A2443A2BE00F86D78 /* Main.storyboard in Resources */ = {isa = PBXBuildFile; fileRef = 1AD4F0982443A2BE00F86D78 /* Main.storyboard */; };
		1AD4F09C2443A2BE00F86D78 /* Assets.xcassets in Resources */ = {isa = PBXBuildFile; fileRef = 1AD4F09B2443A2BE00F86D78 /* Assets.xcassets */; };
		1AD4F09F2443A2BE00F86D78 /* LaunchScreen.storyboard in Resources */ = {isa = PBXBuildFile; fileRef = 1AD4F09D2443A2BE00F86D78 /* LaunchScreen.storyboard */; };
		1AD4F0AA2443A2BE00F86D78 /* coronavirusTests.swift in Sources */ = {isa = PBXBuildFile; fileRef = 1AD4F0A92443A2BE00F86D78 /* coronavirusTests.swift */; };
		1AD4F0B52443A2BE00F86D78 /* coronavirusUITests.swift in Sources */ = {isa = PBXBuildFile; fileRef = 1AD4F0B42443A2BE00F86D78 /* coronavirusUITests.swift */; };
		1AD4F0CA2443AB7500F86D78 /* ForgotPasswordController.swift in Sources */ = {isa = PBXBuildFile; fileRef = 1AD4F0C92443AB7500F86D78 /* ForgotPasswordController.swift */; };
		1AD4F0CD2443ABB000F86D78 /* GreetingController.swift in Sources */ = {isa = PBXBuildFile; fileRef = 1AD4F0CC2443ABB000F86D78 /* GreetingController.swift */; };
/* End PBXBuildFile section */

/* Begin PBXContainerItemProxy section */
		1AD4F0A62443A2BE00F86D78 /* PBXContainerItemProxy */ = {
			isa = PBXContainerItemProxy;
			containerPortal = 1AD4F0892443A2BE00F86D78 /* Project object */;
			proxyType = 1;
			remoteGlobalIDString = 1AD4F0902443A2BE00F86D78;
			remoteInfo = coronavirus;
		};
		1AD4F0B12443A2BE00F86D78 /* PBXContainerItemProxy */ = {
			isa = PBXContainerItemProxy;
			containerPortal = 1AD4F0892443A2BE00F86D78 /* Project object */;
			proxyType = 1;
			remoteGlobalIDString = 1AD4F0902443A2BE00F86D78;
			remoteInfo = coronavirus;
		};
/* End PBXContainerItemProxy section */

/* Begin PBXFileReference section */
		1A49E9042443BD81000331DB /* SignupController.swift */ = {isa = PBXFileReference; lastKnownFileType = sourcecode.swift; path = SignupController.swift; sourceTree = "<group>"; };
		1A588E87244C18C4008FCEEA /* hello.txt */ = {isa = PBXFileReference; lastKnownFileType = text; path = hello.txt; sourceTree = "<group>"; };
		1AD4F0912443A2BE00F86D78 /* coronavirus.app */ = {isa = PBXFileReference; explicitFileType = wrapper.application; includeInIndex = 0; path = coronavirus.app; sourceTree = BUILT_PRODUCTS_DIR; };
		1AD4F0942443A2BE00F86D78 /* AppDelegate.swift */ = {isa = PBXFileReference; lastKnownFileType = sourcecode.swift; path = AppDelegate.swift; sourceTree = "<group>"; };
		1AD4F0962443A2BE00F86D78 /* LoginController.swift */ = {isa = PBXFileReference; lastKnownFileType = sourcecode.swift; path = LoginController.swift; sourceTree = "<group>"; };
		1AD4F0992443A2BE00F86D78 /* Base */ = {isa = PBXFileReference; lastKnownFileType = file.storyboard; name = Base; path = Base.lproj/Main.storyboard; sourceTree = "<group>"; };
		1AD4F09B2443A2BE00F86D78 /* Assets.xcassets */ = {isa = PBXFileReference; lastKnownFileType = folder.assetcatalog; path = Assets.xcassets; sourceTree = "<group>"; };
		1AD4F09E2443A2BE00F86D78 /* Base */ = {isa = PBXFileReference; lastKnownFileType = file.storyboard; name = Base; path = Base.lproj/LaunchScreen.storyboard; sourceTree = "<group>"; };
		1AD4F0A02443A2BE00F86D78 /* Info.plist */ = {isa = PBXFileReference; lastKnownFileType = text.plist.xml; path = Info.plist; sourceTree = "<group>"; };
		1AD4F0A52443A2BE00F86D78 /* coronavirusTests.xctest */ = {isa = PBXFileReference; explicitFileType = wrapper.cfbundle; includeInIndex = 0; path = coronavirusTests.xctest; sourceTree = BUILT_PRODUCTS_DIR; };
		1AD4F0A92443A2BE00F86D78 /* coronavirusTests.swift */ = {isa = PBXFileReference; lastKnownFileType = sourcecode.swift; path = coronavirusTests.swift; sourceTree = "<group>"; };
		1AD4F0AB2443A2BE00F86D78 /* Info.plist */ = {isa = PBXFileReference; lastKnownFileType = text.plist.xml; path = Info.plist; sourceTree = "<group>"; };
		1AD4F0B02443A2BE00F86D78 /* coronavirusUITests.xctest */ = {isa = PBXFileReference; explicitFileType = wrapper.cfbundle; includeInIndex = 0; path = coronavirusUITests.xctest; sourceTree = BUILT_PRODUCTS_DIR; };
		1AD4F0B42443A2BE00F86D78 /* coronavirusUITests.swift */ = {isa = PBXFileReference; lastKnownFileType = sourcecode.swift; path = coronavirusUITests.swift; sourceTree = "<group>"; };
		1AD4F0B62443A2BE00F86D78 /* Info.plist */ = {isa = PBXFileReference; lastKnownFileType = text.plist.xml; path = Info.plist; sourceTree = "<group>"; };
		1AD4F0C92443AB7500F86D78 /* ForgotPasswordController.swift */ = {isa = PBXFileReference; lastKnownFileType = sourcecode.swift; path = ForgotPasswordController.swift; sourceTree = "<group>"; };
		1AD4F0CC2443ABB000F86D78 /* GreetingController.swift */ = {isa = PBXFileReference; lastKnownFileType = sourcecode.swift; path = GreetingController.swift; sourceTree = "<group>"; };
/* End PBXFileReference section */

/* Begin PBXFrameworksBuildPhase section */
		1AD4F08E2443A2BE00F86D78 /* Frameworks */ = {
			isa = PBXFrameworksBuildPhase;
			buildActionMask = 2147483647;
			files = (
			);
			runOnlyForDeploymentPostprocessing = 0;
		};
		1AD4F0A22443A2BE00F86D78 /* Frameworks */ = {
			isa = PBXFrameworksBuildPhase;
			buildActionMask = 2147483647;
			files = (
			);
			runOnlyForDeploymentPostprocessing = 0;
		};
		1AD4F0AD2443A2BE00F86D78 /* Frameworks */ = {
			isa = PBXFrameworksBuildPhase;
			buildActionMask = 2147483647;
			files = (
			);
			runOnlyForDeploymentPostprocessing = 0;
		};
/* End PBXFrameworksBuildPhase section */

/* Begin PBXGroup section */
		1A49E9032443BD6B000331DB /* Signup */ = {
			isa = PBXGroup;
			children = (
				1A49E9042443BD81000331DB /* SignupController.swift */,
			);
			path = Signup;
			sourceTree = "<group>";
		};
		1A588E89244C1924008FCEEA /* database */ = {
			isa = PBXGroup;
			children = (
			);
			path = database;
			sourceTree = "<group>";
		};
		1AD4F0882443A2BE00F86D78 = {
			isa = PBXGroup;
			children = (
				1AD4F0932443A2BE00F86D78 /* coronavirus */,
				1AD4F0A82443A2BE00F86D78 /* coronavirusTests */,
				1AD4F0B32443A2BE00F86D78 /* coronavirusUITests */,
				1AD4F0922443A2BE00F86D78 /* Products */,
			);
			sourceTree = "<group>";
		};
		1AD4F0922443A2BE00F86D78 /* Products */ = {
			isa = PBXGroup;
			children = (
				1AD4F0912443A2BE00F86D78 /* coronavirus.app */,
				1AD4F0A52443A2BE00F86D78 /* coronavirusTests.xctest */,
				1AD4F0B02443A2BE00F86D78 /* coronavirusUITests.xctest */,
			);
			name = Products;
			sourceTree = "<group>";
		};
		1AD4F0932443A2BE00F86D78 /* coronavirus */ = {
			isa = PBXGroup;
			children = (
				1A588E89244C1924008FCEEA /* database */,
				1A588E87244C18C4008FCEEA /* hello.txt */,
				1A49E9032443BD6B000331DB /* Signup */,
				1AD4F0CB2443AB9600F86D78 /* Greeting */,
				1AD4F0C82443AB5700F86D78 /* ForgotPassword */,
				1AD4F0942443A2BE00F86D78 /* AppDelegate.swift */,
				1AD4F0C22443A2D300F86D78 /* Login */,
				1AD4F0982443A2BE00F86D78 /* Main.storyboard */,
				1AD4F09B2443A2BE00F86D78 /* Assets.xcassets */,
				1AD4F09D2443A2BE00F86D78 /* LaunchScreen.storyboard */,
				1AD4F0A02443A2BE00F86D78 /* Info.plist */,
			);
			path = coronavirus;
			sourceTree = "<group>";
		};
		1AD4F0A82443A2BE00F86D78 /* coronavirusTests */ = {
			isa = PBXGroup;
			children = (
				1AD4F0A92443A2BE00F86D78 /* coronavirusTests.swift */,
				1AD4F0AB2443A2BE00F86D78 /* Info.plist */,
			);
			path = coronavirusTests;
			sourceTree = "<group>";
		};
		1AD4F0B32443A2BE00F86D78 /* coronavirusUITests */ = {
			isa = PBXGroup;
			children = (
				1AD4F0B42443A2BE00F86D78 /* coronavirusUITests.swift */,
				1AD4F0B62443A2BE00F86D78 /* Info.plist */,
			);
			path = coronavirusUITests;
			sourceTree = "<group>";
		};
		1AD4F0C22443A2D300F86D78 /* Login */ = {
			isa = PBXGroup;
			children = (
				1AD4F0962443A2BE00F86D78 /* LoginController.swift */,
			);
			path = Login;
			sourceTree = "<group>";
		};
		1AD4F0C82443AB5700F86D78 /* ForgotPassword */ = {
			isa = PBXGroup;
			children = (
				1AD4F0C92443AB7500F86D78 /* ForgotPasswordController.swift */,
			);
			path = ForgotPassword;
			sourceTree = "<group>";
		};
		1AD4F0CB2443AB9600F86D78 /* Greeting */ = {
			isa = PBXGroup;
			children = (
				1AD4F0CC2443ABB000F86D78 /* GreetingController.swift */,
			);
			path = Greeting;
			sourceTree = "<group>";
		};
/* End PBXGroup section */

/* Begin PBXNativeTarget section */
		1AD4F0902443A2BE00F86D78 /* coronavirus */ = {
			isa = PBXNativeTarget;
			buildConfigurationList = 1AD4F0B92443A2BE00F86D78 /* Build configuration list for PBXNativeTarget "coronavirus" */;
			buildPhases = (
				1AD4F08D2443A2BE00F86D78 /* Sources */,
				1AD4F08E2443A2BE00F86D78 /* Frameworks */,
				1AD4F08F2443A2BE00F86D78 /* Resources */,
			);
			buildRules = (
			);
			dependencies = (
			);
			name = coronavirus;
			productName = coronavirus;
			productReference = 1AD4F0912443A2BE00F86D78 /* coronavirus.app */;
			productType = "com.apple.product-type.application";
		};
		1AD4F0A42443A2BE00F86D78 /* coronavirusTests */ = {
			isa = PBXNativeTarget;
			buildConfigurationList = 1AD4F0BC2443A2BE00F86D78 /* Build configuration list for PBXNativeTarget "coronavirusTests" */;
			buildPhases = (
				1AD4F0A12443A2BE00F86D78 /* Sources */,
				1AD4F0A22443A2BE00F86D78 /* Frameworks */,
				1AD4F0A32443A2BE00F86D78 /* Resources */,
			);
			buildRules = (
			);
			dependencies = (
				1AD4F0A72443A2BE00F86D78 /* PBXTargetDependency */,
			);
			name = coronavirusTests;
			productName = coronavirusTests;
			productReference = 1AD4F0A52443A2BE00F86D78 /* coronavirusTests.xctest */;
			productType = "com.apple.product-type.bundle.unit-test";
		};
		1AD4F0AF2443A2BE00F86D78 /* coronavirusUITests */ = {
			isa = PBXNativeTarget;
			buildConfigurationList = 1AD4F0BF2443A2BE00F86D78 /* Build configuration list for PBXNativeTarget "coronavirusUITests" */;
			buildPhases = (
				1AD4F0AC2443A2BE00F86D78 /* Sources */,
				1AD4F0AD2443A2BE00F86D78 /* Frameworks */,
				1AD4F0AE2443A2BE00F86D78 /* Resources */,
			);
			buildRules = (
			);
			dependencies = (
				1AD4F0B22443A2BE00F86D78 /* PBXTargetDependency */,
			);
			name = coronavirusUITests;
			productName = coronavirusUITests;
			productReference = 1AD4F0B02443A2BE00F86D78 /* coronavirusUITests.xctest */;
			productType = "com.apple.product-type.bundle.ui-testing";
		};
/* End PBXNativeTarget section */

/* Begin PBXProject section */
		1AD4F0892443A2BE00F86D78 /* Project object */ = {
			isa = PBXProject;
			attributes = {
				LastSwiftUpdateCheck = 0900;
				LastUpgradeCheck = 0900;
				ORGANIZATIONNAME = AkiBone;
				TargetAttributes = {
					1AD4F0902443A2BE00F86D78 = {
						CreatedOnToolsVersion = 9.0;
						ProvisioningStyle = Automatic;
					};
					1AD4F0A42443A2BE00F86D78 = {
						CreatedOnToolsVersion = 9.0;
						ProvisioningStyle = Automatic;
						TestTargetID = 1AD4F0902443A2BE00F86D78;
					};
					1AD4F0AF2443A2BE00F86D78 = {
						CreatedOnToolsVersion = 9.0;
						ProvisioningStyle = Automatic;
						TestTargetID = 1AD4F0902443A2BE00F86D78;
					};
				};
			};
			buildConfigurationList = 1AD4F08C2443A2BE00F86D78 /* Build configuration list for PBXProject "coronavirus" */;
			compatibilityVersion = "Xcode 8.0";
			developmentRegion = en;
			hasScannedForEncodings = 0;
			knownRegions = (
				en,
				Base,
			);
			mainGroup = 1AD4F0882443A2BE00F86D78;
			productRefGroup = 1AD4F0922443A2BE00F86D78 /* Products */;
			projectDirPath = "";
			projectRoot = "";
			targets = (
				1AD4F0902443A2BE00F86D78 /* coronavirus */,
				1AD4F0A42443A2BE00F86D78 /* coronavirusTests */,
				1AD4F0AF2443A2BE00F86D78 /* coronavirusUITests */,
			);
		};
/* End PBXProject section */

/* Begin PBXResourcesBuildPhase section */
		1AD4F08F2443A2BE00F86D78 /* Resources */ = {
			isa = PBXResourcesBuildPhase;
			buildActionMask = 2147483647;
			files = (
				1A588E88244C18CA008FCEEA /* hello.txt in Resources */,
				1AD4F09F2443A2BE00F86D78 /* LaunchScreen.storyboard in Resources */,
				1AD4F09C2443A2BE00F86D78 /* Assets.xcassets in Resources */,
				1AD4F09A2443A2BE00F86D78 /* Main.storyboard in Resources */,
			);
			runOnlyForDeploymentPostprocessing = 0;
		};
		1AD4F0A32443A2BE00F86D78 /* Resources */ = {
			isa = PBXResourcesBuildPhase;
			buildActionMask = 2147483647;
			files = (
			);
			runOnlyForDeploymentPostprocessing = 0;
		};
		1AD4F0AE2443A2BE00F86D78 /* Resources */ = {
			isa = PBXResourcesBuildPhase;
			buildActionMask = 2147483647;
			files = (
			);
			runOnlyForDeploymentPostprocessing = 0;
		};
/* End PBXResourcesBuildPhase section */

/* Begin PBXSourcesBuildPhase section */
		1AD4F08D2443A2BE00F86D78 /* Sources */ = {
			isa = PBXSourcesBuildPhase;
			buildActionMask = 2147483647;
			files = (
				1AD4F0CA2443AB7500F86D78 /* ForgotPasswordController.swift in Sources */,
				1AD4F0972443A2BE00F86D78 /* LoginController.swift in Sources */,
				1AD4F0CD2443ABB000F86D78 /* GreetingController.swift in Sources */,
				1A49E9052443BD81000331DB /* SignupController.swift in Sources */,
				1AD4F0952443A2BE00F86D78 /* AppDelegate.swift in Sources */,
			);
			runOnlyForDeploymentPostprocessing = 0;
		};
		1AD4F0A12443A2BE00F86D78 /* Sources */ = {
			isa = PBXSourcesBuildPhase;
			buildActionMask = 2147483647;
			files = (
				1AD4F0AA2443A2BE00F86D78 /* coronavirusTests.swift in Sources */,
			);
			runOnlyForDeploymentPostprocessing = 0;
		};
		1AD4F0AC2443A2BE00F86D78 /* Sources */ = {
			isa = PBXSourcesBuildPhase;
			buildActionMask = 2147483647;
			files = (
				1AD4F0B52443A2BE00F86D78 /* coronavirusUITests.swift in Sources */,
			);
			runOnlyForDeploymentPostprocessing = 0;
		};
/* End PBXSourcesBuildPhase section */

/* Begin PBXTargetDependency section */
		1AD4F0A72443A2BE00F86D78 /* PBXTargetDependency */ = {
			isa = PBXTargetDependency;
			target = 1AD4F0902443A2BE00F86D78 /* coronavirus */;
			targetProxy = 1AD4F0A62443A2BE00F86D78 /* PBXContainerItemProxy */;
		};
		1AD4F0B22443A2BE00F86D78 /* PBXTargetDependency */ = {
			isa = PBXTargetDependency;
			target = 1AD4F0902443A2BE00F86D78 /* coronavirus */;
			targetProxy = 1AD4F0B12443A2BE00F86D78 /* PBXContainerItemProxy */;
		};
/* End PBXTargetDependency section */

/* Begin PBXVariantGroup section */
		1AD4F0982443A2BE00F86D78 /* Main.storyboard */ = {
			isa = PBXVariantGroup;
			children = (
				1AD4F0992443A2BE00F86D78 /* Base */,
			);
			name = Main.storyboard;
			sourceTree = "<group>";
		};
		1AD4F09D2443A2BE00F86D78 /* LaunchScreen.storyboard */ = {
			isa = PBXVariantGroup;
			children = (
				1AD4F09E2443A2BE00F86D78 /* Base */,
			);
			name = LaunchScreen.storyboard;
			sourceTree = "<group>";
		};
/* End PBXVariantGroup section */

/* Begin XCBuildConfiguration section */
		1AD4F0B72443A2BE00F86D78 /* Debug */ = {
			isa = XCBuildConfiguration;
			buildSettings = {
				ALWAYS_SEARCH_USER_PATHS = NO;
				CLANG_ANALYZER_NONNULL = YES;
				CLANG_ANALYZER_NUMBER_OBJECT_CONVERSION = YES_AGGRESSIVE;
				CLANG_CXX_LANGUAGE_STANDARD = "gnu++14";
				CLANG_CXX_LIBRARY = "libc++";
				CLANG_ENABLE_MODULES = YES;
				CLANG_ENABLE_OBJC_ARC = YES;
				CLANG_WARN_BLOCK_CAPTURE_AUTORELEASING = YES;
				CLANG_WARN_BOOL_CONVERSION = YES;
				CLANG_WARN_COMMA = YES;
				CLANG_WARN_CONSTANT_CONVERSION = YES;
				CLANG_WARN_DIRECT_OBJC_ISA_USAGE = YES_ERROR;
				CLANG_WARN_DOCUMENTATION_COMMENTS = YES;
				CLANG_WARN_EMPTY_BODY = YES;
				CLANG_WARN_ENUM_CONVERSION = YES;
				CLANG_WARN_INFINITE_RECURSION = YES;
				CLANG_WARN_INT_CONVERSION = YES;
				CLANG_WARN_NON_LITERAL_NULL_CONVERSION = YES;
				CLANG_WARN_OBJC_LITERAL_CONVERSION = YES;
				CLANG_WARN_OBJC_ROOT_CLASS = YES_ERROR;
				CLANG_WARN_RANGE_LOOP_ANALYSIS = YES;
				CLANG_WARN_STRICT_PROTOTYPES = YES;
				CLANG_WARN_SUSPICIOUS_MOVE = YES;
				CLANG_WARN_UNGUARDED_AVAILABILITY = YES_AGGRESSIVE;
				CLANG_WARN_UNREACHABLE_CODE = YES;
				CLANG_WARN__DUPLICATE_METHOD_MATCH = YES;
				CODE_SIGN_IDENTITY = "iPhone Developer";
				COPY_PHASE_STRIP = NO;
				DEBUG_INFORMATION_FORMAT = dwarf;
				ENABLE_STRICT_OBJC_MSGSEND = YES;
				ENABLE_TESTABILITY = YES;
				GCC_C_LANGUAGE_STANDARD = gnu11;
				GCC_DYNAMIC_NO_PIC = NO;
				GCC_NO_COMMON_BLOCKS = YES;
				GCC_OPTIMIZATION_LEVEL = 0;
				GCC_PREPROCESSOR_DEFINITIONS = (
					"DEBUG=1",
					"$(inherited)",
				);
				GCC_WARN_64_TO_32_BIT_CONVERSION = YES;
				GCC_WARN_ABOUT_RETURN_TYPE = YES_ERROR;
				GCC_WARN_UNDECLARED_SELECTOR = YES;
				GCC_WARN_UNINITIALIZED_AUTOS = YES_AGGRESSIVE;
				GCC_WARN_UNUSED_FUNCTION = YES;
				GCC_WARN_UNUSED_VARIABLE = YES;
				IPHONEOS_DEPLOYMENT_TARGET = 11.0;
				MTL_ENABLE_DEBUG_INFO = YES;
				ONLY_ACTIVE_ARCH = YES;
				SDKROOT = iphoneos;
				SWIFT_ACTIVE_COMPILATION_CONDITIONS = DEBUG;
				SWIFT_OPTIMIZATION_LEVEL = "-Onone";
			};
			name = Debug;
		};
		1AD4F0B82443A2BE00F86D78 /* Release */ = {
			isa = XCBuildConfiguration;
			buildSettings = {
				ALWAYS_SEARCH_USER_PATHS = NO;
				CLANG_ANALYZER_NONNULL = YES;
				CLANG_ANALYZER_NUMBER_OBJECT_CONVERSION = YES_AGGRESSIVE;
				CLANG_CXX_LANGUAGE_STANDARD = "gnu++14";
				CLANG_CXX_LIBRARY = "libc++";
				CLANG_ENABLE_MODULES = YES;
				CLANG_ENABLE_OBJC_ARC = YES;
				CLANG_WARN_BLOCK_CAPTURE_AUTORELEASING = YES;
				CLANG_WARN_BOOL_CONVERSION = YES;
				CLANG_WARN_COMMA = YES;
				CLANG_WARN_CONSTANT_CONVERSION = YES;
				CLANG_WARN_DIRECT_OBJC_ISA_USAGE = YES_ERROR;
				CLANG_WARN_DOCUMENTATION_COMMENTS = YES;
				CLANG_WARN_EMPTY_BODY = YES;
				CLANG_WARN_ENUM_CONVERSION = YES;
				CLANG_WARN_INFINITE_RECURSION = YES;
				CLANG_WARN_INT_CONVERSION = YES;
				CLANG_WARN_NON_LITERAL_NULL_CONVERSION = YES;
				CLANG_WARN_OBJC_LITERAL_CONVERSION = YES;
				CLANG_WARN_OBJC_ROOT_CLASS = YES_ERROR;
				CLANG_WARN_RANGE_LOOP_ANALYSIS = YES;
				CLANG_WARN_STRICT_PROTOTYPES = YES;
				CLANG_WARN_SUSPICIOUS_MOVE = YES;
				CLANG_WARN_UNGUARDED_AVAILABILITY = YES_AGGRESSIVE;
				CLANG_WARN_UNREACHABLE_CODE = YES;
				CLANG_WARN__DUPLICATE_METHOD_MATCH = YES;
				CODE_SIGN_IDENTITY = "iPhone Developer";
				COPY_PHASE_STRIP = NO;
				DEBUG_INFORMATION_FORMAT = "dwarf-with-dsym";
				ENABLE_NS_ASSERTIONS = NO;
				ENABLE_STRICT_OBJC_MSGSEND = YES;
				GCC_C_LANGUAGE_STANDARD = gnu11;
				GCC_NO_COMMON_BLOCKS = YES;
				GCC_WARN_64_TO_32_BIT_CONVERSION = YES;
				GCC_WARN_ABOUT_RETURN_TYPE = YES_ERROR;
				GCC_WARN_UNDECLARED_SELECTOR = YES;
				GCC_WARN_UNINITIALIZED_AUTOS = YES_AGGRESSIVE;
				GCC_WARN_UNUSED_FUNCTION = YES;
				GCC_WARN_UNUSED_VARIABLE = YES;
				IPHONEOS_DEPLOYMENT_TARGET = 11.0;
				MTL_ENABLE_DEBUG_INFO = NO;
				SDKROOT = iphoneos;
				SWIFT_OPTIMIZATION_LEVEL = "-Owholemodule";
				VALIDATE_PRODUCT = YES;
			};
			name = Release;
		};
		1AD4F0BA2443A2BE00F86D78 /* Debug */ = {
			isa = XCBuildConfiguration;
			buildSettings = {
				ASSETCATALOG_COMPILER_APPICON_NAME = AppIcon;
				CODE_SIGN_STYLE = Automatic;
				INFOPLIST_FILE = coronavirus/Info.plist;
				LD_RUNPATH_SEARCH_PATHS = "$(inherited) @executable_path/Frameworks";
				PRODUCT_BUNDLE_IDENTIFIER = aki.coronavirus;
				PRODUCT_NAME = "$(TARGET_NAME)";
				SWIFT_VERSION = 4.0;
				TARGETED_DEVICE_FAMILY = "1,2";
			};
			name = Debug;
		};
		1AD4F0BB2443A2BE00F86D78 /* Release */ = {
			isa = XCBuildConfiguration;
			buildSettings = {
				ASSETCATALOG_COMPILER_APPICON_NAME = AppIcon;
				CODE_SIGN_STYLE = Automatic;
				INFOPLIST_FILE = coronavirus/Info.plist;
				LD_RUNPATH_SEARCH_PATHS = "$(inherited) @executable_path/Frameworks";
				PRODUCT_BUNDLE_IDENTIFIER = aki.coronavirus;
				PRODUCT_NAME = "$(TARGET_NAME)";
				SWIFT_VERSION = 4.0;
				TARGETED_DEVICE_FAMILY = "1,2";
			};
			name = Release;
		};
		1AD4F0BD2443A2BE00F86D78 /* Debug */ = {
			isa = XCBuildConfiguration;
			buildSettings = {
				ALWAYS_EMBED_SWIFT_STANDARD_LIBRARIES = YES;
				BUNDLE_LOADER = "$(TEST_HOST)";
				CODE_SIGN_STYLE = Automatic;
				INFOPLIST_FILE = coronavirusTests/Info.plist;
				LD_RUNPATH_SEARCH_PATHS = "$(inherited) @executable_path/Frameworks @loader_path/Frameworks";
				PRODUCT_BUNDLE_IDENTIFIER = aki.coronavirusTests;
				PRODUCT_NAME = "$(TARGET_NAME)";
				SWIFT_VERSION = 4.0;
				TARGETED_DEVICE_FAMILY = "1,2";
				TEST_HOST = "$(BUILT_PRODUCTS_DIR)/coronavirus.app/coronavirus";
			};
			name = Debug;
		};
		1AD4F0BE2443A2BE00F86D78 /* Release */ = {
			isa = XCBuildConfiguration;
			buildSettings = {
				ALWAYS_EMBED_SWIFT_STANDARD_LIBRARIES = YES;
				BUNDLE_LOADER = "$(TEST_HOST)";
				CODE_SIGN_STYLE = Automatic;
				INFOPLIST_FILE = coronavirusTests/Info.plist;
				LD_RUNPATH_SEARCH_PATHS = "$(inherited) @executable_path/Frameworks @loader_path/Frameworks";
				PRODUCT_BUNDLE_IDENTIFIER = aki.coronavirusTests;
				PRODUCT_NAME = "$(TARGET_NAME)";
				SWIFT_VERSION = 4.0;
				TARGETED_DEVICE_FAMILY = "1,2";
				TEST_HOST = "$(BUILT_PRODUCTS_DIR)/coronavirus.app/coronavirus";
			};
			name = Release;
		};
		1AD4F0C02443A2BE00F86D78 /* Debug */ = {
			isa = XCBuildConfiguration;
			buildSettings = {
				ALWAYS_EMBED_SWIFT_STANDARD_LIBRARIES = YES;
				CODE_SIGN_STYLE = Automatic;
				INFOPLIST_FILE = coronavirusUITests/Info.plist;
				LD_RUNPATH_SEARCH_PATHS = "$(inherited) @executable_path/Frameworks @loader_path/Frameworks";
				PRODUCT_BUNDLE_IDENTIFIER = aki.coronavirusUITests;
				PRODUCT_NAME = "$(TARGET_NAME)";
				SWIFT_VERSION = 4.0;
				TARGETED_DEVICE_FAMILY = "1,2";
				TEST_TARGET_NAME = coronavirus;
			};
			name = Debug;
		};
		1AD4F0C12443A2BE00F86D78 /* Release */ = {
			isa = XCBuildConfiguration;
			buildSettings = {
				ALWAYS_EMBED_SWIFT_STANDARD_LIBRARIES = YES;
				CODE_SIGN_STYLE = Automatic;
				INFOPLIST_FILE = coronavirusUITests/Info.plist;
				LD_RUNPATH_SEARCH_PATHS = "$(inherited) @executable_path/Frameworks @loader_path/Frameworks";
				PRODUCT_BUNDLE_IDENTIFIER = aki.coronavirusUITests;
				PRODUCT_NAME = "$(TARGET_NAME)";
				SWIFT_VERSION = 4.0;
				TARGETED_DEVICE_FAMILY = "1,2";
				TEST_TARGET_NAME = coronavirus;
			};
			name = Release;
		};
/* End XCBuildConfiguration section */

/* Begin XCConfigurationList section */
		1AD4F08C2443A2BE00F86D78 /* Build configuration list for PBXProject "coronavirus" */ = {
			isa = XCConfigurationList;
			buildConfigurations = (
				1AD4F0B72443A2BE00F86D78 /* Debug */,
				1AD4F0B82443A2BE00F86D78 /* Release */,
			);
			defaultConfigurationIsVisible = 0;
			defaultConfigurationName = Release;
		};
		1AD4F0B92443A2BE00F86D78 /* Build configuration list for PBXNativeTarget "coronavirus" */ = {
			isa = XCConfigurationList;
			buildConfigurations = (
				1AD4F0BA2443A2BE00F86D78 /* Debug */,
				1AD4F0BB2443A2BE00F86D78 /* Release */,
			);
			defaultConfigurationIsVisible = 0;
			defaultConfigurationName = Release;
		};
		1AD4F0BC2443A2BE00F86D78 /* Build configuration list for PBXNativeTarget "coronavirusTests" */ = {
			isa = XCConfigurationList;
			buildConfigurations = (
				1AD4F0BD2443A2BE00F86D78 /* Debug */,
				1AD4F0BE2443A2BE00F86D78 /* Release */,
			);
			defaultConfigurationIsVisible = 0;
			defaultConfigurationName = Release;
		};
		1AD4F0BF2443A2BE00F86D78 /* Build configuration list for PBXNativeTarget "coronavirusUITests" */ = {
			isa = XCConfigurationList;
			buildConfigurations = (
				1AD4F0C02443A2BE00F86D78 /* Debug */,
				1AD4F0C12443A2BE00F86D78 /* Release */,
			);
			defaultConfigurationIsVisible = 0;
			defaultConfigurationName = Release;
		};
/* End XCConfigurationList section */
	};
	rootObject = 1AD4F0892443A2BE00F86D78 /* Project object */;
}
